# This file is automatically @generated by Cargo.
# It is not intended for manual editing.
version = 3

[[package]]
name = "bindepfeatureunify"
version = "0.1.0"
dependencies = [
 "mybindep",
 "myshareddep",
]

[[package]]
name = "mybindep"
version = "0.1.0"
dependencies = [
 "myshareddep",
]

[[package]]
name = "myshareddep"
version = "0.1.0"
